# This file is automatically @generated by Poetry 2.1.1 and should not be changed by hand.

[[package]]
name = "mypy-protobuf"
version = "3.4.0"
description = "Generate mypy stub files from protobuf specs"
optional = false
python-versions = ">=3.7"
groups = ["main", "dev"]
files = [
    {file = "mypy-protobuf-3.4.0.tar.gz", hash = "sha256:7d75a079651b105076776a35a5405e3fa773b8a167118f1b712e443e9a6c18a2"},
    {file = "mypy_protobuf-3.4.0-py3-none-any.whl", hash = "sha256:da33dfde7547ff57e5ba5564126cbfa114f14413b2fa50759b1fa5de1e4ab511"},
]

[package.dependencies]
protobuf = ">=4.21.8"
types-protobuf = ">=3.20.4"

[[package]]
name = "protobuf"
version = "4.25.8"
description = ""
optional = false
python-versions = ">=3.8"
groups = ["main", "dev"]
files = [
    {file = "protobuf-4.25.8-cp310-abi3-win32.whl", hash = "sha256:504435d831565f7cfac9f0714440028907f1975e4bed228e58e72ecfff58a1e0"},
    {file = "protobuf-4.25.8-cp310-abi3-win_amd64.whl", hash = "sha256:bd551eb1fe1d7e92c1af1d75bdfa572eff1ab0e5bf1736716814cdccdb2360f9"},
    {file = "protobuf-4.25.8-cp37-abi3-macosx_10_9_universal2.whl", hash = "sha256:ca809b42f4444f144f2115c4c1a747b9a404d590f18f37e9402422033e464e0f"},
    {file = "protobuf-4.25.8-cp37-abi3-manylinux2014_aarch64.whl", hash = "sha256:9ad7ef62d92baf5a8654fbb88dac7fa5594cfa70fd3440488a5ca3bfc6d795a7"},
    {file = "protobuf-4.25.8-cp37-abi3-manylinux2014_x86_64.whl", hash = "sha256:83e6e54e93d2b696a92cad6e6efc924f3850f82b52e1563778dfab8b355101b0"},
    {file = "protobuf-4.25.8-cp38-cp38-win32.whl", hash = "sha256:27d498ffd1f21fb81d987a041c32d07857d1d107909f5134ba3350e1ce80a4af"},
    {file = "protobuf-4.25.8-cp38-cp38-win_amd64.whl", hash = "sha256:d552c53d0415449c8d17ced5c341caba0d89dbf433698e1436c8fa0aae7808a3"},
    {file = "protobuf-4.25.8-cp39-cp39-win32.whl", hash = "sha256:077ff8badf2acf8bc474406706ad890466274191a48d0abd3bd6987107c9cde5"},
    {file = "protobuf-4.25.8-cp39-cp39-win_amd64.whl", hash = "sha256:f4510b93a3bec6eba8fd8f1093e9d7fb0d4a24d1a81377c10c0e5bbfe9e4ed24"},
    {file = "protobuf-4.25.8-py3-none-any.whl", hash = "sha256:15a0af558aa3b13efef102ae6e4f3efac06f1eea11afb3a57db2901447d9fb59"},
    {file = "protobuf-4.25.8.tar.gz", hash = "sha256:6135cf8affe1fc6f76cced2641e4ea8d3e59518d1f24ae41ba97bcad82d397cd"},
]

[[package]]
name = "types-protobuf"
version = "4.21.0.3"
description = "Typing stubs for protobuf"
optional = false
python-versions = "*"
groups = ["main", "dev"]
files = [
    {file = "types-protobuf-4.21.0.3.tar.gz", hash = "sha256:824109e0fe87525a9d2da4cc4eec36ca004f1a0f3d1c0838cfd2873a484cffdd"},
    {file = "types_protobuf-4.21.0.3-py3-none-any.whl", hash = "sha256:6c87c7f8df61d57a53de8221777e4fcc3c7ed24419fbf43b8e9f50887f3773fa"},
]

[metadata]
lock-version = "2.1"
python-versions = "^3.9"
content-hash = "c4814d021bf1d2f79677dd997e1b79b2060bf8aadb0a87223f618b8b206859c9"
